{
  "name": "server",
  "version": "1.0.0",
  "lockfileVersion": 1,
  "requires": true,
  "dependencies": {
    "accepts": {
      "version": "1.3.5",
      "resolved": "http://prdmvnrepo.vanguard.com:19080/nexus/content/groups/vanguard-npm-group/accepts/-/accepts-1.3.5.tgz",
      "integrity": "sha1-63d99gEXI6OxTopywIBcjoZ0a9I=",
      "requires": {
        "mime-types": "~2.1.18",
        "negotiator": "0.6.1"
      }
    },
    "after": {
      "version": "0.8.2",
      "resolved": "http://prdmvnrepo.vanguard.com:19080/nexus/content/groups/vanguard-npm-group/after/-/after-0.8.2.tgz",
      "integrity": "sha1-/ts5T58OAqqXaOcCvaI7UF+ufh8="
    },
    "any-promise": {
      "version": "1.3.0",
      "resolved": "http://prdmvnrepo.vanguard.com:19080/nexus/content/groups/vanguard-npm-group/any-promise/-/any-promise-1.3.0.tgz",
      "integrity": "sha1-q8av7tzqUugJzcA3au0845Y10X8=",
      "dev": true
    },
    "array-flatten": {
      "version": "1.1.1",
      "resolved": "http://prdmvnrepo.vanguard.com:19080/nexus/content/groups/vanguard-npm-group/array-flatten/-/array-flatten-1.1.1.tgz",
      "integrity": "sha1-ml9pkFGx5wczKPKgCJaLZOopVdI="
    },
    "arraybuffer.slice": {
      "version": "0.0.7",
      "resolved": "http://prdmvnrepo.vanguard.com:19080/nexus/content/groups/vanguard-npm-group/arraybuffer.slice/-/arraybuffer.slice-0.0.7.tgz",
      "integrity": "sha1-O7xCdd1YTMGxCAm4nU6LY6aednU="
    },
    "assert-plus": {
      "version": "1.0.0",
      "resolved": "http://prdmvnrepo.vanguard.com:19080/nexus/content/groups/vanguard-npm-group/assert-plus/-/assert-plus-1.0.0.tgz",
      "integrity": "sha1-8S4PPF13sLHN2RRpQuTpbB5N1SU=",
      "dev": true
    },
    "assertion-error-formatter": {
      "version": "2.0.1",
      "resolved": "http://prdmvnrepo.vanguard.com:19080/nexus/content/groups/vanguard-npm-group/assertion-error-formatter/-/assertion-error-formatter-2.0.1.tgz",
      "integrity": "sha1-a73/rsji+p4rDrFYv+NTEy18Cps=",
      "dev": true,
      "requires": {
        "diff": "^3.0.0",
        "pad-right": "^0.2.2",
        "repeat-string": "^1.6.1"
      }
    },
    "async-limiter": {
      "version": "1.0.0",
      "resolved": "http://prdmvnrepo.vanguard.com:19080/nexus/content/groups/vanguard-npm-group/async-limiter/-/async-limiter-1.0.0.tgz",
      "integrity": "sha1-ePrtjD0HSrgfIrTphdeehzj3IPg="
    },
    "babel-runtime": {
      "version": "6.26.0",
      "resolved": "http://prdmvnrepo.vanguard.com:19080/nexus/content/groups/vanguard-npm-group/babel-runtime/-/babel-runtime-6.26.0.tgz",
      "integrity": "sha1-llxwWGaOgrVde/4E/yM3vItWR/4=",
      "dev": true,
      "requires": {
        "core-js": "^2.4.0",
        "regenerator-runtime": "^0.11.0"
      }
    },
    "backo2": {
      "version": "1.0.2",
      "resolved": "http://prdmvnrepo.vanguard.com:19080/nexus/content/groups/vanguard-npm-group/backo2/-/backo2-1.0.2.tgz",
      "integrity": "sha1-MasayLEpNjRj41s+u2n038+6eUc="
    },
    "balanced-match": {
      "version": "1.0.0",
      "resolved": "http://prdmvnrepo.vanguard.com:19080/nexus/content/groups/vanguard-npm-group/balanced-match/-/balanced-match-1.0.0.tgz",
      "integrity": "sha1-ibTRmasr7kneFk6gK4nORi1xt2c=",
      "dev": true
    },
    "base64-arraybuffer": {
      "version": "0.1.5",
      "resolved": "http://prdmvnrepo.vanguard.com:19080/nexus/content/groups/vanguard-npm-group/base64-arraybuffer/-/base64-arraybuffer-0.1.5.tgz",
      "integrity": "sha1-c5JncZI7Whl0etZmqlzUv5xunOg="
    },
    "base64id": {
      "version": "1.0.0",
      "resolved": "http://prdmvnrepo.vanguard.com:19080/nexus/content/groups/vanguard-npm-group/base64id/-/base64id-1.0.0.tgz",
      "integrity": "sha1-R2iMuZu2gE8OBtPnY7HDLlfY5rY="
    },
    "becke-ch--regex--s0-0-v1--base--pl--lib": {
      "version": "1.2.0",
      "resolved": "http://prdmvnrepo.vanguard.com:19080/nexus/content/groups/vanguard-npm-group/becke-ch--regex--s0-0-v1--base--pl--lib/-/becke-ch--regex--s0-0-v1--base--pl--lib-1.2.0.tgz",
      "integrity": "sha1-LnPp0h8sLm9aVFQEVjbwq5PkYTA=",
      "dev": true
    },
    "better-assert": {
      "version": "1.0.2",
      "resolved": "http://prdmvnrepo.vanguard.com:19080/nexus/content/groups/vanguard-npm-group/better-assert/-/better-assert-1.0.2.tgz",
      "integrity": "sha1-QIZrnhueC1W0gYlDEeaPr/rrxSI=",
      "requires": {
        "callsite": "1.0.0"
      }
    },
    "blob": {
      "version": "0.0.4",
      "resolved": "http://prdmvnrepo.vanguard.com:19080/nexus/content/groups/vanguard-npm-group/blob/-/blob-0.0.4.tgz",
      "integrity": "sha1-vPEwUspURj8w+fx+lbmkdjCpSSE="
    },
    "bluebird": {
      "version": "3.5.2",
      "resolved": "http://prdmvnrepo.vanguard.com:19080/nexus/content/groups/vanguard-npm-group/bluebird/-/bluebird-3.5.2.tgz",
      "integrity": "sha512-l8otfCFinWA8QEDhjLk/FsdfnKf0k9Q2enJnpf8bvBJIu014+L4+ojMe2Q3gruJe6jjT6P2ycqy7S800ArOTpQ==",
      "dev": true
    },
    "body-parser": {
      "version": "1.18.2",
      "resolved": "http://prdmvnrepo.vanguard.com:19080/nexus/content/groups/vanguard-npm-group/body-parser/-/body-parser-1.18.2.tgz",
      "integrity": "sha1-h2eKGdhLR9hZuDGZvVm84iKxBFQ=",
      "requires": {
        "bytes": "3.0.0",
        "content-type": "~1.0.4",
        "debug": "2.6.9",
        "depd": "~1.1.1",
        "http-errors": "~1.6.2",
        "iconv-lite": "0.4.19",
        "on-finished": "~2.3.0",
        "qs": "6.5.1",
        "raw-body": "2.3.2",
        "type-is": "~1.6.15"
      }
    },
    "brace-expansion": {
      "version": "1.1.11",
      "resolved": "http://prdmvnrepo.vanguard.com:19080/nexus/content/groups/vanguard-npm-group/brace-expansion/-/brace-expansion-1.1.11.tgz",
      "integrity": "sha1-PH/L9SnYcibz0vUrlm/1Jx60Qd0=",
      "dev": true,
      "requires": {
        "balanced-match": "^1.0.0",
        "concat-map": "0.0.1"
      }
    },
    "bytes": {
      "version": "3.0.0",
      "resolved": "http://prdmvnrepo.vanguard.com:19080/nexus/content/groups/vanguard-npm-group/bytes/-/bytes-3.0.0.tgz",
      "integrity": "sha1-0ygVQE1olpn4Wk6k+odV3ROpYEg="
    },
    "callsite": {
      "version": "1.0.0",
      "resolved": "http://prdmvnrepo.vanguard.com:19080/nexus/content/groups/vanguard-npm-group/callsite/-/callsite-1.0.0.tgz",
      "integrity": "sha1-KAOY5dZkvXQDi28JBRU+borxvCA="
    },
    "cli-table": {
      "version": "0.3.1",
      "resolved": "http://prdmvnrepo.vanguard.com:19080/nexus/content/groups/vanguard-npm-group/cli-table/-/cli-table-0.3.1.tgz",
      "integrity": "sha1-9TsFJmqLGguTSz0IIebi3FkUriM=",
      "dev": true,
      "requires": {
        "colors": "1.0.3"
      },
      "dependencies": {
        "colors": {
          "version": "1.0.3",
          "resolved": "http://prdmvnrepo.vanguard.com:19080/nexus/content/groups/vanguard-npm-group/colors/-/colors-1.0.3.tgz",
          "integrity": "sha1-BDP0TYCWgP3rYO0mDxsMJi6CpAs=",
          "dev": true
        }
      }
    },
    "colors": {
      "version": "1.3.2",
      "resolved": "http://prdmvnrepo.vanguard.com:19080/nexus/content/groups/vanguard-npm-group/colors/-/colors-1.3.2.tgz",
      "integrity": "sha512-w7ryL117+U8hkOMHd1x0LiZSTSc6IvmkeeG+3fZZqNdq9GTR5IhX9spC4h2lzcgTjqSegdcAe2AuVBKlVpiG6w==",
      "dev": true
    },
    "commander": {
      "version": "2.18.0",
      "resolved": "http://prdmvnrepo.vanguard.com:19080/nexus/content/groups/vanguard-npm-group/commander/-/commander-2.18.0.tgz",
      "integrity": "sha512-jGFlfnVAwEFMGvZkzZIUd8pLbJP7kb5kqm8NmMfCLShH0QrPLqIvPYitjXkYvgScnFKfN8O5Qh9I6qxC7IUUyQ==",
      "dev": true
    },
    "component-bind": {
      "version": "1.0.0",
      "resolved": "http://prdmvnrepo.vanguard.com:19080/nexus/content/groups/vanguard-npm-group/component-bind/-/component-bind-1.0.0.tgz",
      "integrity": "sha1-AMYIq33Nk4l8AAllGx06jh5zu9E="
    },
    "component-emitter": {
      "version": "1.2.1",
      "resolved": "http://prdmvnrepo.vanguard.com:19080/nexus/content/groups/vanguard-npm-group/component-emitter/-/component-emitter-1.2.1.tgz",
      "integrity": "sha1-E3kY1teCg/ffemt8WmPhQOaUJeY="
    },
    "component-inherit": {
      "version": "0.0.3",
      "resolved": "http://prdmvnrepo.vanguard.com:19080/nexus/content/groups/vanguard-npm-group/component-inherit/-/component-inherit-0.0.3.tgz",
      "integrity": "sha1-ZF/ErfWLcrZJ1crmUTVhnbJv8UM="
    },
    "concat-map": {
      "version": "0.0.1",
      "resolved": "http://prdmvnrepo.vanguard.com:19080/nexus/content/groups/vanguard-npm-group/concat-map/-/concat-map-0.0.1.tgz",
      "integrity": "sha1-2Klr13/Wjfd5OnMDajug1UBdR3s=",
      "dev": true
    },
    "content-disposition": {
      "version": "0.5.2",
      "resolved": "http://prdmvnrepo.vanguard.com:19080/nexus/content/groups/vanguard-npm-group/content-disposition/-/content-disposition-0.5.2.tgz",
      "integrity": "sha1-DPaLud318r55YcOoUXjLhdunjLQ="
    },
    "content-type": {
      "version": "1.0.4",
      "resolved": "http://prdmvnrepo.vanguard.com:19080/nexus/content/groups/vanguard-npm-group/content-type/-/content-type-1.0.4.tgz",
      "integrity": "sha1-4TjMdeBAxyexlm/l5fjJruJW/js="
    },
    "cookie": {
      "version": "0.3.1",
      "resolved": "http://prdmvnrepo.vanguard.com:19080/nexus/content/groups/vanguard-npm-group/cookie/-/cookie-0.3.1.tgz",
      "integrity": "sha1-5+Ch+e9DtMi6klxcWpboBtFoc7s="
    },
    "cookie-signature": {
      "version": "1.0.6",
      "resolved": "http://prdmvnrepo.vanguard.com:19080/nexus/content/groups/vanguard-npm-group/cookie-signature/-/cookie-signature-1.0.6.tgz",
      "integrity": "sha1-4wOogrNCzD7oylE6eZmXNNqzriw="
    },
    "core-js": {
      "version": "2.5.7",
      "resolved": "http://prdmvnrepo.vanguard.com:19080/nexus/content/groups/vanguard-npm-group/core-js/-/core-js-2.5.7.tgz",
      "integrity": "sha1-+XJgj/DOrWi4QaFqky0LGDeRgU4=",
      "dev": true
    },
    "core-util-is": {
      "version": "1.0.2",
      "resolved": "http://prdmvnrepo.vanguard.com:19080/nexus/content/groups/vanguard-npm-group/core-util-is/-/core-util-is-1.0.2.tgz",
      "integrity": "sha1-tf1UIgqivFq1eqtxQMlAdUUDwac=",
      "dev": true
    },
    "cucumber": {
      "version": "4.1.0",
      "resolved": "http://prdmvnrepo.vanguard.com:19080/nexus/content/groups/vanguard-npm-group/cucumber/-/cucumber-4.1.0.tgz",
      "integrity": "sha1-2Trx3ooFv2Qorp1AIeCw1AZoNRg=",
      "dev": true,
      "requires": {
        "assertion-error-formatter": "^2.0.1",
        "babel-runtime": "^6.11.6",
        "bluebird": "^3.4.1",
        "cli-table": "^0.3.1",
        "colors": "^1.1.2",
        "commander": "^2.9.0",
        "cucumber-expressions": "^5.0.13",
        "cucumber-tag-expressions": "^1.1.1",
        "duration": "^0.2.0",
        "escape-string-regexp": "^1.0.5",
        "figures": "2.0.0",
        "gherkin": "^5.0.0",
        "glob": "^7.0.0",
        "indent-string": "^3.1.0",
        "is-generator": "^1.0.2",
        "is-stream": "^1.1.0",
        "lodash": "^4.17.4",
        "mz": "^2.4.0",
        "progress": "^2.0.0",
        "resolve": "^1.3.3",
        "serialize-error": "^2.1.0",
        "stack-chain": "^2.0.0",
        "stacktrace-js": "^2.0.0",
        "string-argv": "0.0.2",
        "title-case": "^2.1.1",
        "util-arity": "^1.0.2",
        "verror": "^1.9.0"
      }
    },
    "cucumber-expressions": {
      "version": "5.0.13",
      "resolved": "http://prdmvnrepo.vanguard.com:19080/nexus/content/groups/vanguard-npm-group/cucumber-expressions/-/cucumber-expressions-5.0.13.tgz",
      "integrity": "sha1-8XRZfa5tLwEhKUrC6mVEMknPFYc=",
      "dev": true,
      "requires": {
        "becke-ch--regex--s0-0-v1--base--pl--lib": "^1.2.0"
      }
    },
    "cucumber-tag-expressions": {
      "version": "1.1.1",
      "resolved": "http://prdmvnrepo.vanguard.com:19080/nexus/content/groups/vanguard-npm-group/cucumber-tag-expressions/-/cucumber-tag-expressions-1.1.1.tgz",
      "integrity": "sha1-f1x7cACbwrZmWRv+ZIVFeL7e6Fo=",
      "dev": true
    },
    "d": {
      "version": "0.1.1",
      "resolved": "http://prdmvnrepo.vanguard.com:19080/nexus/content/groups/vanguard-npm-group/d/-/d-0.1.1.tgz",
      "integrity": "sha1-2hhMU10Y2O57oqoim5FACfrhEwk=",
      "dev": true,
      "requires": {
        "es5-ext": "~0.10.2"
      }
    },
    "debug": {
      "version": "2.6.9",
      "resolved": "http://prdmvnrepo.vanguard.com:19080/nexus/content/groups/vanguard-npm-group/debug/-/debug-2.6.9.tgz",
      "integrity": "sha1-XRKFFd8TT/Mn6QpMk/Tgd6U2NB8=",
      "requires": {
        "ms": "2.0.0"
      }
    },
    "depd": {
      "version": "1.1.2",
      "resolved": "http://prdmvnrepo.vanguard.com:19080/nexus/content/groups/vanguard-npm-group/depd/-/depd-1.1.2.tgz",
      "integrity": "sha1-m81S4UwJd2PnSbJ0xDRu0uVgtak="
    },
    "destroy": {
      "version": "1.0.4",
      "resolved": "http://prdmvnrepo.vanguard.com:19080/nexus/content/groups/vanguard-npm-group/destroy/-/destroy-1.0.4.tgz",
      "integrity": "sha1-l4hXRCxEdJ5CBmE+N5RiBYJqvYA="
    },
    "diff": {
      "version": "3.5.0",
      "resolved": "http://prdmvnrepo.vanguard.com:19080/nexus/content/groups/vanguard-npm-group/diff/-/diff-3.5.0.tgz",
      "integrity": "sha1-gAwN0eCov7yVg1wgKtIg/jF+WhI=",
      "dev": true
    },
    "duration": {
      "version": "0.2.0",
      "resolved": "http://prdmvnrepo.vanguard.com:19080/nexus/content/groups/vanguard-npm-group/duration/-/duration-0.2.0.tgz",
      "integrity": "sha1-X5xN+q//ZV3phhEu/iXFl43YUUY=",
      "dev": true,
      "requires": {
        "d": "~0.1.1",
        "es5-ext": "~0.10.2"
      }
    },
    "ee-first": {
      "version": "1.1.1",
      "resolved": "http://prdmvnrepo.vanguard.com:19080/nexus/content/groups/vanguard-npm-group/ee-first/-/ee-first-1.1.1.tgz",
      "integrity": "sha1-WQxhFWsK4vTwJVcyoViyZrxWsh0="
    },
    "ejs": {
      "version": "2.6.1",
      "resolved": "http://prdmvnrepo.vanguard.com:19080/nexus/content/groups/vanguard-npm-group/ejs/-/ejs-2.6.1.tgz",
      "integrity": "sha1-SY7A1JVlWrxvI81hho2SZGQHGqA="
    },
    "encodeurl": {
      "version": "1.0.2",
      "resolved": "http://prdmvnrepo.vanguard.com:19080/nexus/content/groups/vanguard-npm-group/encodeurl/-/encodeurl-1.0.2.tgz",
      "integrity": "sha1-rT/0yG7C0CkyL1oCw6mmBslbP1k="
    },
    "engine.io": {
      "version": "3.2.0",
      "resolved": "http://prdmvnrepo.vanguard.com:19080/nexus/content/groups/vanguard-npm-group/engine.io/-/engine.io-3.2.0.tgz",
      "integrity": "sha512-2he3NaQTia2bOVm43WQrNsWO4WPhBB7dm1vvAYPZzUzZYpYnq40AQP8fWf8ziOs2hJYb7BqAzhnKzGpeqMDEBg==",
      "requires": {
        "accepts": "~1.3.4",
        "base64id": "1.0.0",
        "cookie": "0.3.1",
        "debug": "~3.1.0",
        "engine.io-parser": "~2.1.0",
        "ws": "~3.3.1"
      },
      "dependencies": {
        "debug": {
          "version": "3.1.0",
          "resolved": "http://prdmvnrepo.vanguard.com:19080/nexus/content/groups/vanguard-npm-group/debug/-/debug-3.1.0.tgz",
          "integrity": "sha1-W7WgZyYotkFJVmuhaBnmFRjGcmE=",
          "requires": {
            "ms": "2.0.0"
          }
        }
      }
    },
    "engine.io-client": {
      "version": "3.2.1",
      "resolved": "http://prdmvnrepo.vanguard.com:19080/nexus/content/groups/vanguard-npm-group/engine.io-client/-/engine.io-client-3.2.1.tgz",
      "integrity": "sha512-TYTCffs1Q60Xilud4gjpJNUWHs7qZwCug40Z/jfk8S/NlPK0YVq0PjlmcYEb255dLeG/wZH2rL3jvKbNmv63jw==",
      "requires": {
        "component-emitter": "1.2.1",
        "component-inherit": "0.0.3",
        "debug": "~3.1.0",
        "engine.io-parser": "~2.1.1",
        "has-cors": "1.1.0",
        "indexof": "0.0.1",
        "parseqs": "0.0.5",
        "parseuri": "0.0.5",
        "ws": "~3.3.1",
        "xmlhttprequest-ssl": "~1.5.4",
        "yeast": "0.1.2"
      },
      "dependencies": {
        "debug": {
          "version": "3.1.0",
          "resolved": "http://prdmvnrepo.vanguard.com:19080/nexus/content/groups/vanguard-npm-group/debug/-/debug-3.1.0.tgz",
          "integrity": "sha1-W7WgZyYotkFJVmuhaBnmFRjGcmE=",
          "requires": {
            "ms": "2.0.0"
          }
        }
      }
    },
    "engine.io-parser": {
      "version": "2.1.2",
      "resolved": "http://prdmvnrepo.vanguard.com:19080/nexus/content/groups/vanguard-npm-group/engine.io-parser/-/engine.io-parser-2.1.2.tgz",
      "integrity": "sha1-TA9M/3mq7su9z96maoI8YIVAkZY=",
      "requires": {
        "after": "0.8.2",
        "arraybuffer.slice": "~0.0.7",
        "base64-arraybuffer": "0.1.5",
        "blob": "0.0.4",
        "has-binary2": "~1.0.2"
      }
    },
    "error-stack-parser": {
      "version": "2.0.2",
      "resolved": "http://prdmvnrepo.vanguard.com:19080/nexus/content/groups/vanguard-npm-group/error-stack-parser/-/error-stack-parser-2.0.2.tgz",
      "integrity": "sha1-Sujbqiv5CotFBwe5FJ3KvKE1Ug0=",
      "dev": true,
      "requires": {
        "stackframe": "^1.0.4"
      }
    },
    "es5-ext": {
      "version": "0.10.46",
      "resolved": "http://prdmvnrepo.vanguard.com:19080/nexus/content/groups/vanguard-npm-group/es5-ext/-/es5-ext-0.10.46.tgz",
      "integrity": "sha512-XlmGe2juAhgJ6oK1J7JyPOvxslzw4hQwtM8fB08qucYELrXZ++SKYDhptmJOHNtLbwp22bsyQ85q/Ksg3Hmkcg==",
      "dev": true,
      "requires": {
        "es6-iterator": "~2.0.3",
        "es6-symbol": "~3.1.1",
        "next-tick": "1"
      }
    },
    "es6-iterator": {
      "version": "2.0.3",
      "resolved": "http://prdmvnrepo.vanguard.com:19080/nexus/content/groups/vanguard-npm-group/es6-iterator/-/es6-iterator-2.0.3.tgz",
      "integrity": "sha1-p96IkUGgWpSwhUQDstCg+/qY87c=",
      "dev": true,
      "requires": {
        "d": "1",
        "es5-ext": "^0.10.35",
        "es6-symbol": "^3.1.1"
      },
      "dependencies": {
        "d": {
          "version": "1.0.0",
          "resolved": "http://prdmvnrepo.vanguard.com:19080/nexus/content/groups/vanguard-npm-group/d/-/d-1.0.0.tgz",
          "integrity": "sha1-dUu1v+VUUdpppYuU1F9MWwRi1Y8=",
          "dev": true,
          "requires": {
            "es5-ext": "^0.10.9"
          }
        }
      }
    },
    "es6-symbol": {
      "version": "3.1.1",
      "resolved": "http://prdmvnrepo.vanguard.com:19080/nexus/content/groups/vanguard-npm-group/es6-symbol/-/es6-symbol-3.1.1.tgz",
      "integrity": "sha1-vwDvT9q2uhtG7Le2KbTH7VcVzHc=",
      "dev": true,
      "requires": {
        "d": "1",
        "es5-ext": "~0.10.14"
      },
      "dependencies": {
        "d": {
          "version": "1.0.0",
          "resolved": "http://prdmvnrepo.vanguard.com:19080/nexus/content/groups/vanguard-npm-group/d/-/d-1.0.0.tgz",
          "integrity": "sha1-dUu1v+VUUdpppYuU1F9MWwRi1Y8=",
          "dev": true,
          "requires": {
            "es5-ext": "^0.10.9"
          }
        }
      }
    },
    "escape-html": {
      "version": "1.0.3",
      "resolved": "http://prdmvnrepo.vanguard.com:19080/nexus/content/groups/vanguard-npm-group/escape-html/-/escape-html-1.0.3.tgz",
      "integrity": "sha1-Aljq5NPQwJdN4cFpGI7wBR0dGYg="
    },
    "escape-string-regexp": {
      "version": "1.0.5",
      "resolved": "http://prdmvnrepo.vanguard.com:19080/nexus/content/groups/vanguard-npm-group/escape-string-regexp/-/escape-string-regexp-1.0.5.tgz",
      "integrity": "sha1-G2HAViGQqN/2rjuyzwIAyhMLhtQ=",
      "dev": true
    },
    "etag": {
      "version": "1.8.1",
      "resolved": "http://prdmvnrepo.vanguard.com:19080/nexus/content/groups/vanguard-npm-group/etag/-/etag-1.8.1.tgz",
      "integrity": "sha1-Qa4u62XvpiJorr/qg6x9eSmbCIc="
    },
    "express": {
      "version": "4.16.3",
      "resolved": "http://prdmvnrepo.vanguard.com:19080/nexus/content/groups/vanguard-npm-group/express/-/express-4.16.3.tgz",
      "integrity": "sha1-avilAjUNsyRuzEvs9rWjTSL37VM=",
      "requires": {
        "accepts": "~1.3.5",
        "array-flatten": "1.1.1",
        "body-parser": "1.18.2",
        "content-disposition": "0.5.2",
        "content-type": "~1.0.4",
        "cookie": "0.3.1",
        "cookie-signature": "1.0.6",
        "debug": "2.6.9",
        "depd": "~1.1.2",
        "encodeurl": "~1.0.2",
        "escape-html": "~1.0.3",
        "etag": "~1.8.1",
        "finalhandler": "1.1.1",
        "fresh": "0.5.2",
        "merge-descriptors": "1.0.1",
        "methods": "~1.1.2",
        "on-finished": "~2.3.0",
        "parseurl": "~1.3.2",
        "path-to-regexp": "0.1.7",
        "proxy-addr": "~2.0.3",
        "qs": "6.5.1",
        "range-parser": "~1.2.0",
        "safe-buffer": "5.1.1",
        "send": "0.16.2",
        "serve-static": "1.13.2",
        "setprototypeof": "1.1.0",
        "statuses": "~1.4.0",
        "type-is": "~1.6.16",
        "utils-merge": "1.0.1",
        "vary": "~1.1.2"
      }
    },
    "extsprintf": {
      "version": "1.3.0",
      "resolved": "http://prdmvnrepo.vanguard.com:19080/nexus/content/groups/vanguard-npm-group/extsprintf/-/extsprintf-1.3.0.tgz",
      "integrity": "sha1-lpGEQOMEGnpBT4xS48V06zw+HgU=",
      "dev": true
    },
    "figures": {
      "version": "2.0.0",
      "resolved": "http://prdmvnrepo.vanguard.com:19080/nexus/content/groups/vanguard-npm-group/figures/-/figures-2.0.0.tgz",
      "integrity": "sha1-OrGi0qYsi/tDGgyUy3l6L84nyWI=",
      "dev": true,
      "requires": {
        "escape-string-regexp": "^1.0.5"
      }
    },
    "finalhandler": {
      "version": "1.1.1",
      "resolved": "http://prdmvnrepo.vanguard.com:19080/nexus/content/groups/vanguard-npm-group/finalhandler/-/finalhandler-1.1.1.tgz",
      "integrity": "sha1-7r9O2EAHnIP0JJA4ydcDAIMBsQU=",
      "requires": {
        "debug": "2.6.9",
        "encodeurl": "~1.0.2",
        "escape-html": "~1.0.3",
        "on-finished": "~2.3.0",
        "parseurl": "~1.3.2",
        "statuses": "~1.4.0",
        "unpipe": "~1.0.0"
      }
    },
    "forwarded": {
      "version": "0.1.2",
      "resolved": "http://prdmvnrepo.vanguard.com:19080/nexus/content/groups/vanguard-npm-group/forwarded/-/forwarded-0.1.2.tgz",
      "integrity": "sha1-mMI9qxF1ZXuMBXPozszZGw/xjIQ="
    },
    "fresh": {
      "version": "0.5.2",
      "resolved": "http://prdmvnrepo.vanguard.com:19080/nexus/content/groups/vanguard-npm-group/fresh/-/fresh-0.5.2.tgz",
      "integrity": "sha1-PYyt2Q2XZWn6g1qx+OSyOhBWBac="
    },
    "fs.realpath": {
      "version": "1.0.0",
      "resolved": "http://prdmvnrepo.vanguard.com:19080/nexus/content/groups/vanguard-npm-group/fs.realpath/-/fs.realpath-1.0.0.tgz",
      "integrity": "sha1-FQStJSMVjKpA20onh8sBQRmU6k8=",
      "dev": true
    },
    "gherkin": {
      "version": "5.0.0",
      "resolved": "http://prdmvnrepo.vanguard.com:19080/nexus/content/groups/vanguard-npm-group/gherkin/-/gherkin-5.0.0.tgz",
      "integrity": "sha1-lt70EZjsOQgli1Ea909lWidk0qE=",
      "dev": true
    },
    "glob": {
      "version": "7.1.3",
      "resolved": "http://prdmvnrepo.vanguard.com:19080/nexus/content/groups/vanguard-npm-group/glob/-/glob-7.1.3.tgz",
      "integrity": "sha512-slH7U+RUSkg+fVue9BUsAC56H3t5ZHZwn3LxKszab6gIwGGBmYovvDTPKEVXJRUE7kaw9i8NEKBs2Q/LxeVLKw==",
      "dev": true,
      "requires": {
        "fs.realpath": "^1.0.0",
        "inflight": "^1.0.4",
        "inherits": "2",
        "minimatch": "^3.0.4",
        "once": "^1.3.0",
        "path-is-absolute": "^1.0.0"
      }
    },
    "has-binary2": {
      "version": "1.0.3",
      "resolved": "http://prdmvnrepo.vanguard.com:19080/nexus/content/groups/vanguard-npm-group/has-binary2/-/has-binary2-1.0.3.tgz",
      "integrity": "sha1-d3asYn8+p3JQz8My2rfd9eT10R0=",
      "requires": {
        "isarray": "2.0.1"
      }
    },
    "has-cors": {
      "version": "1.1.0",
      "resolved": "http://prdmvnrepo.vanguard.com:19080/nexus/content/groups/vanguard-npm-group/has-cors/-/has-cors-1.1.0.tgz",
      "integrity": "sha1-XkdHk/fqmEPRu5nCPu9J/xJv/zk="
    },
    "http-errors": {
      "version": "1.6.3",
      "resolved": "http://prdmvnrepo.vanguard.com:19080/nexus/content/groups/vanguard-npm-group/http-errors/-/http-errors-1.6.3.tgz",
      "integrity": "sha1-i1VoC7S+KDoLW/TqLjhYC+HZMg0=",
      "requires": {
        "depd": "~1.1.2",
        "inherits": "2.0.3",
        "setprototypeof": "1.1.0",
        "statuses": ">= 1.4.0 < 2"
      }
    },
    "iconv-lite": {
      "version": "0.4.19",
      "resolved": "http://prdmvnrepo.vanguard.com:19080/nexus/content/groups/vanguard-npm-group/iconv-lite/-/iconv-lite-0.4.19.tgz",
      "integrity": "sha1-90aPYBNfXl2tM5nAqBvpoWA6CCs="
    },
    "indent-string": {
      "version": "3.2.0",
      "resolved": "http://prdmvnrepo.vanguard.com:19080/nexus/content/groups/vanguard-npm-group/indent-string/-/indent-string-3.2.0.tgz",
      "integrity": "sha1-Sl/W0nzDMvN+VBmlBNu4NxBckok=",
      "dev": true
    },
    "indexof": {
      "version": "0.0.1",
      "resolved": "http://prdmvnrepo.vanguard.com:19080/nexus/content/groups/vanguard-npm-group/indexof/-/indexof-0.0.1.tgz",
      "integrity": "sha1-gtwzbSMrkGIXnQWrMpOmYFn9Q10="
    },
    "inflight": {
      "version": "1.0.6",
      "resolved": "http://prdmvnrepo.vanguard.com:19080/nexus/content/groups/vanguard-npm-group/inflight/-/inflight-1.0.6.tgz",
      "integrity": "sha1-Sb1jMdfQLQwJvJEKEHW6gWW1bfk=",
      "dev": true,
      "requires": {
        "once": "^1.3.0",
        "wrappy": "1"
      }
    },
    "inherits": {
      "version": "2.0.3",
      "resolved": "http://prdmvnrepo.vanguard.com:19080/nexus/content/groups/vanguard-npm-group/inherits/-/inherits-2.0.3.tgz",
      "integrity": "sha1-Yzwsg+PaQqUC9SRmAiSA9CCCYd4="
    },
    "ipaddr.js": {
      "version": "1.8.0",
      "resolved": "http://prdmvnrepo.vanguard.com:19080/nexus/content/groups/vanguard-npm-group/ipaddr.js/-/ipaddr.js-1.8.0.tgz",
      "integrity": "sha1-6qM9bd16zo9/b+DJygRA5wZzix4="
    },
    "is-generator": {
      "version": "1.0.3",
      "resolved": "http://prdmvnrepo.vanguard.com:19080/nexus/content/groups/vanguard-npm-group/is-generator/-/is-generator-1.0.3.tgz",
      "integrity": "sha1-wUwhBX7TbjKNuANHlmxpP4hjifM=",
      "dev": true
    },
    "is-stream": {
      "version": "1.1.0",
      "resolved": "http://prdmvnrepo.vanguard.com:19080/nexus/content/groups/vanguard-npm-group/is-stream/-/is-stream-1.1.0.tgz",
      "integrity": "sha1-EtSj3U5o4Lec6428hBc66A2RykQ=",
      "dev": true
    },
    "isarray": {
      "version": "2.0.1",
      "resolved": "http://prdmvnrepo.vanguard.com:19080/nexus/content/groups/vanguard-npm-group/isarray/-/isarray-2.0.1.tgz",
      "integrity": "sha1-o32U7ZzaLVmGXJ92/llu4fM4dB4="
    },
    "lodash": {
      "version": "4.17.11",
      "resolved": "http://prdmvnrepo.vanguard.com:19080/nexus/content/groups/vanguard-npm-group/lodash/-/lodash-4.17.11.tgz",
      "integrity": "sha512-lPLj/2yODp+woytZF/KPOB0bYj2gE4XjyR/3KgSFA0UJGbqqZrLuzQ6CD23FAE9mbd6gyLgd/apWuiksXPUUNw==",
      "dev": true
    },
    "lower-case": {
      "version": "1.1.4",
      "resolved": "http://prdmvnrepo.vanguard.com:19080/nexus/content/groups/vanguard-npm-group/lower-case/-/lower-case-1.1.4.tgz",
      "integrity": "sha1-miyr0bno4K6ZOkv31YdcOcQujqw=",
      "dev": true
    },
    "media-typer": {
      "version": "0.3.0",
      "resolved": "http://prdmvnrepo.vanguard.com:19080/nexus/content/groups/vanguard-npm-group/media-typer/-/media-typer-0.3.0.tgz",
      "integrity": "sha1-hxDXrwqmJvj/+hzgAWhUUmMlV0g="
    },
    "merge-descriptors": {
      "version": "1.0.1",
      "resolved": "http://prdmvnrepo.vanguard.com:19080/nexus/content/groups/vanguard-npm-group/merge-descriptors/-/merge-descriptors-1.0.1.tgz",
      "integrity": "sha1-sAqqVW3YtEVoFQ7J0blT8/kMu2E="
    },
    "methods": {
      "version": "1.1.2",
      "resolved": "http://prdmvnrepo.vanguard.com:19080/nexus/content/groups/vanguard-npm-group/methods/-/methods-1.1.2.tgz",
      "integrity": "sha1-VSmk1nZUE07cxSZmVoNbD4Ua/O4="
    },
    "mime": {
      "version": "1.4.1",
      "resolved": "http://prdmvnrepo.vanguard.com:19080/nexus/content/groups/vanguard-npm-group/mime/-/mime-1.4.1.tgz",
      "integrity": "sha1-Eh+evEnjdm8xGnbh+hyAA8SwOqY="
    },
    "mime-db": {
      "version": "1.36.0",
      "resolved": "http://prdmvnrepo.vanguard.com:19080/nexus/content/groups/vanguard-npm-group/mime-db/-/mime-db-1.36.0.tgz",
      "integrity": "sha512-Vh2K58PowZC6L/r2eG5Zk1a9dT4T8P+oMZZ22c3rQ6UO8CpGbd74OizTP2VZiJSWB8qiNQgC/4LVrLJHMUC2lA=="
    },
    "mime-types": {
      "version": "2.1.20",
      "resolved": "http://prdmvnrepo.vanguard.com:19080/nexus/content/groups/vanguard-npm-group/mime-types/-/mime-types-2.1.20.tgz",
      "integrity": "sha512-xdTQYPi/c5ITbyy8rrSKgD+qGk9KmN4O8RhPJkqHF8L1uTnXrusBVViS0ExRGvqs4QRN5uKB6SaF6gkREAAdKA==",
      "requires": {
        "mime-db": "~1.36.0"
      }
    },
    "minimatch": {
      "version": "3.0.4",
      "resolved": "http://prdmvnrepo.vanguard.com:19080/nexus/content/groups/vanguard-npm-group/minimatch/-/minimatch-3.0.4.tgz",
      "integrity": "sha1-UWbihkV/AzBgZL5Ul+jbsMPTIIM=",
      "dev": true,
      "requires": {
        "brace-expansion": "^1.1.7"
      }
    },
    "ms": {
      "version": "2.0.0",
      "resolved": "http://prdmvnrepo.vanguard.com:19080/nexus/content/groups/vanguard-npm-group/ms/-/ms-2.0.0.tgz",
      "integrity": "sha1-VgiurfwAvmwpAd9fmGF4jeDVl8g="
    },
    "mz": {
      "version": "2.4.0",
      "resolved": "http://prdmvnrepo.vanguard.com:19080/nexus/content/groups/vanguard-npm-group/mz/-/mz-2.4.0.tgz",
      "integrity": "sha1-mHupYk2JOVOIw3y0dB4sr03ROxo=",
      "dev": true,
      "requires": {
        "any-promise": "^1.0.0",
        "object-assign": "^4.0.1",
        "thenify-all": "^1.0.0"
      }
    },
    "negotiator": {
      "version": "0.6.1",
      "resolved": "http://prdmvnrepo.vanguard.com:19080/nexus/content/groups/vanguard-npm-group/negotiator/-/negotiator-0.6.1.tgz",
      "integrity": "sha1-KzJxhOiZIQEXeyhWP7XnECrNDKk="
    },
    "next-tick": {
      "version": "1.0.0",
      "resolved": "http://prdmvnrepo.vanguard.com:19080/nexus/content/groups/vanguard-npm-group/next-tick/-/next-tick-1.0.0.tgz",
      "integrity": "sha1-yobR/ogoFpsBICCOPchCS524NCw=",
      "dev": true
    },
    "no-case": {
      "version": "2.3.2",
      "resolved": "http://prdmvnrepo.vanguard.com:19080/nexus/content/groups/vanguard-npm-group/no-case/-/no-case-2.3.2.tgz",
      "integrity": "sha1-YLgTOWvjmz8SiKTB7V0efSi0ZKw=",
      "dev": true,
      "requires": {
        "lower-case": "^1.1.1"
      }
    },
    "object-assign": {
      "version": "4.1.1",
      "resolved": "http://prdmvnrepo.vanguard.com:19080/nexus/content/groups/vanguard-npm-group/object-assign/-/object-assign-4.1.1.tgz",
      "integrity": "sha1-IQmtx5ZYh8/AXLvUQsrIv7s2CGM=",
      "dev": true
    },
    "object-component": {
      "version": "0.0.3",
      "resolved": "http://prdmvnrepo.vanguard.com:19080/nexus/content/groups/vanguard-npm-group/object-component/-/object-component-0.0.3.tgz",
      "integrity": "sha1-8MaapQ78lbhmwYb0AKM3acsvEpE="
    },
    "on-finished": {
      "version": "2.3.0",
      "resolved": "http://prdmvnrepo.vanguard.com:19080/nexus/content/groups/vanguard-npm-group/on-finished/-/on-finished-2.3.0.tgz",
      "integrity": "sha1-IPEzZIGwg811M3mSoWlxqi2QaUc=",
      "requires": {
        "ee-first": "1.1.1"
      }
    },
    "once": {
      "version": "1.4.0",
      "resolved": "http://prdmvnrepo.vanguard.com:19080/nexus/content/groups/vanguard-npm-group/once/-/once-1.4.0.tgz",
      "integrity": "sha1-WDsap3WWHUsROsF9nFC6753Xa9E=",
      "dev": true,
      "requires": {
        "wrappy": "1"
      }
    },
    "pad-right": {
      "version": "0.2.2",
      "resolved": "http://prdmvnrepo.vanguard.com:19080/nexus/content/groups/vanguard-npm-group/pad-right/-/pad-right-0.2.2.tgz",
      "integrity": "sha1-b7ySQEXSRPKiokRQMGDTv8YAl3Q=",
      "dev": true,
      "requires": {
        "repeat-string": "^1.5.2"
      }
    },
    "parseqs": {
      "version": "0.0.5",
      "resolved": "http://prdmvnrepo.vanguard.com:19080/nexus/content/groups/vanguard-npm-group/parseqs/-/parseqs-0.0.5.tgz",
      "integrity": "sha1-1SCKNzjkZ2bikbouoXNoSSGouJ0=",
      "requires": {
        "better-assert": "~1.0.0"
      }
    },
    "parseuri": {
      "version": "0.0.5",
      "resolved": "http://prdmvnrepo.vanguard.com:19080/nexus/content/groups/vanguard-npm-group/parseuri/-/parseuri-0.0.5.tgz",
      "integrity": "sha1-gCBKUNTbt3m/3G6+J3jZDkvOMgo=",
      "requires": {
        "better-assert": "~1.0.0"
      }
    },
    "parseurl": {
      "version": "1.3.2",
      "resolved": "http://prdmvnrepo.vanguard.com:19080/nexus/content/groups/vanguard-npm-group/parseurl/-/parseurl-1.3.2.tgz",
      "integrity": "sha1-/CidTtiZMRlGDBViUyYs3I3mW/M="
    },
    "path-is-absolute": {
      "version": "1.0.1",
      "resolved": "http://prdmvnrepo.vanguard.com:19080/nexus/content/groups/vanguard-npm-group/path-is-absolute/-/path-is-absolute-1.0.1.tgz",
      "integrity": "sha1-F0uSaHNVNP+8es5r9TpanhtcX18=",
      "dev": true
    },
    "path-parse": {
      "version": "1.0.6",
      "resolved": "http://prdmvnrepo.vanguard.com:19080/nexus/content/groups/vanguard-npm-group/path-parse/-/path-parse-1.0.6.tgz",
      "integrity": "sha1-1i27VnlAXXLEc37FhgDp3c8G0kw=",
      "dev": true
    },
    "path-to-regexp": {
      "version": "0.1.7",
      "resolved": "http://prdmvnrepo.vanguard.com:19080/nexus/content/groups/vanguard-npm-group/path-to-regexp/-/path-to-regexp-0.1.7.tgz",
      "integrity": "sha1-32BBeABfUi8V60SQ5yR6G/qmf4w="
    },
    "progress": {
      "version": "2.0.0",
      "resolved": "http://prdmvnrepo.vanguard.com:19080/nexus/content/groups/vanguard-npm-group/progress/-/progress-2.0.0.tgz",
      "integrity": "sha1-ihvjZr+Pwj2yvSPxDG/pILQ4nR8=",
      "dev": true
    },
    "proxy-addr": {
      "version": "2.0.4",
      "resolved": "http://prdmvnrepo.vanguard.com:19080/nexus/content/groups/vanguard-npm-group/proxy-addr/-/proxy-addr-2.0.4.tgz",
      "integrity": "sha1-7PxzO/Iv+Mb0B/onUye5q2fki5M=",
      "requires": {
        "forwarded": "~0.1.2",
        "ipaddr.js": "1.8.0"
      }
    },
    "qs": {
      "version": "6.5.1",
      "resolved": "http://prdmvnrepo.vanguard.com:19080/nexus/content/groups/vanguard-npm-group/qs/-/qs-6.5.1.tgz",
      "integrity": "sha1-NJzfbu+J7EXBLX1es/wMhwNDptg="
    },
    "range-parser": {
      "version": "1.2.0",
      "resolved": "http://prdmvnrepo.vanguard.com:19080/nexus/content/groups/vanguard-npm-group/range-parser/-/range-parser-1.2.0.tgz",
      "integrity": "sha1-9JvmtIeJTdxA3MlKMi9hEJLgDV4="
    },
    "raw-body": {
      "version": "2.3.2",
      "resolved": "http://prdmvnrepo.vanguard.com:19080/nexus/content/groups/vanguard-npm-group/raw-body/-/raw-body-2.3.2.tgz",
      "integrity": "sha1-vNYMd9Prk83gBQKVw/N5OJvIj4k=",
      "requires": {
        "bytes": "3.0.0",
        "http-errors": "1.6.2",
        "iconv-lite": "0.4.19",
        "unpipe": "1.0.0"
      },
      "dependencies": {
        "depd": {
          "version": "1.1.1",
          "resolved": "http://prdmvnrepo.vanguard.com:19080/nexus/content/groups/vanguard-npm-group/depd/-/depd-1.1.1.tgz",
          "integrity": "sha1-V4O04cRZ8G+lyif5kfPQbnoxA1k="
        },
        "http-errors": {
          "version": "1.6.2",
          "resolved": "http://prdmvnrepo.vanguard.com:19080/nexus/content/groups/vanguard-npm-group/http-errors/-/http-errors-1.6.2.tgz",
          "integrity": "sha1-CgAsyFcHGSp+eUbO7cERVfYOxzY=",
          "requires": {
            "depd": "1.1.1",
            "inherits": "2.0.3",
            "setprototypeof": "1.0.3",
            "statuses": ">= 1.3.1 < 2"
          }
        },
        "setprototypeof": {
          "version": "1.0.3",
          "resolved": "http://prdmvnrepo.vanguard.com:19080/nexus/content/groups/vanguard-npm-group/setprototypeof/-/setprototypeof-1.0.3.tgz",
          "integrity": "sha1-ZlZ+NwQ+608E2RvWWMDL77VbjgQ="
        }
      }
    },
    "regenerator-runtime": {
      "version": "0.11.1",
      "resolved": "http://prdmvnrepo.vanguard.com:19080/nexus/content/groups/vanguard-npm-group/regenerator-runtime/-/regenerator-runtime-0.11.1.tgz",
      "integrity": "sha1-vgWtf5v30i4Fb5cmzuUBf78Z4uk=",
      "dev": true
    },
    "repeat-string": {
      "version": "1.6.1",
      "resolved": "http://prdmvnrepo.vanguard.com:19080/nexus/content/groups/vanguard-npm-group/repeat-string/-/repeat-string-1.6.1.tgz",
      "integrity": "sha1-jcrkcOHIirwtYA//Sndihtp15jc=",
      "dev": true
    },
    "resolve": {
      "version": "1.5.0",
      "resolved": "http://prdmvnrepo.vanguard.com:19080/nexus/content/groups/vanguard-npm-group/resolve/-/resolve-1.5.0.tgz",
      "integrity": "sha1-HwmsznlsmnYlefMbLBzEw83fnzY=",
      "dev": true,
      "requires": {
        "path-parse": "^1.0.5"
      }
    },
    "safe-buffer": {
      "version": "5.1.1",
      "resolved": "http://prdmvnrepo.vanguard.com:19080/nexus/content/groups/vanguard-npm-group/safe-buffer/-/safe-buffer-5.1.1.tgz",
      "integrity": "sha1-iTMSr2myEj3vcfV4iQAWce6yyFM="
    },
    "send": {
      "version": "0.16.2",
      "resolved": "http://prdmvnrepo.vanguard.com:19080/nexus/content/groups/vanguard-npm-group/send/-/send-0.16.2.tgz",
      "integrity": "sha1-bsyh4PjBVtFBWXVZhI32RzCmu8E=",
      "requires": {
        "debug": "2.6.9",
        "depd": "~1.1.2",
        "destroy": "~1.0.4",
        "encodeurl": "~1.0.2",
        "escape-html": "~1.0.3",
        "etag": "~1.8.1",
        "fresh": "0.5.2",
        "http-errors": "~1.6.2",
        "mime": "1.4.1",
        "ms": "2.0.0",
        "on-finished": "~2.3.0",
        "range-parser": "~1.2.0",
        "statuses": "~1.4.0"
      }
    },
    "serialize-error": {
      "version": "2.1.0",
      "resolved": "http://prdmvnrepo.vanguard.com:19080/nexus/content/groups/vanguard-npm-group/serialize-error/-/serialize-error-2.1.0.tgz",
      "integrity": "sha1-ULZ51WNc34Rme9yOWa9OW4HV9go=",
      "dev": true
    },
    "serve-static": {
      "version": "1.13.2",
      "resolved": "http://prdmvnrepo.vanguard.com:19080/nexus/content/groups/vanguard-npm-group/serve-static/-/serve-static-1.13.2.tgz",
      "integrity": "sha1-CV6Ecv1bRiN9tQzkhqQ/S4bGzsE=",
      "requires": {
        "encodeurl": "~1.0.2",
        "escape-html": "~1.0.3",
        "parseurl": "~1.3.2",
        "send": "0.16.2"
      }
    },
    "setprototypeof": {
      "version": "1.1.0",
      "resolved": "http://prdmvnrepo.vanguard.com:19080/nexus/content/groups/vanguard-npm-group/setprototypeof/-/setprototypeof-1.1.0.tgz",
      "integrity": "sha1-0L2FU2iHtv58DYGMuWLZ2RxU5lY="
    },
    "socket.io": {
      "version": "2.1.1",
      "resolved": "http://prdmvnrepo.vanguard.com:19080/nexus/content/groups/vanguard-npm-group/socket.io/-/socket.io-2.1.1.tgz",
      "integrity": "sha512-Ha4bK5vbpVTcubsjjxKPZhifTlpbk5OeT4C/NRgvEdSsxyhS1eLcGWN0at0HrE7kUz49DHNGJLFNw3Jkj0HMCg==",
      "requires": {
        "debug": "~3.1.0",
        "engine.io": "~3.2.0",
        "has-binary2": "~1.0.2",
        "socket.io-adapter": "~1.1.0",
        "socket.io-client": "2.1.1",
        "socket.io-parser": "~3.2.0"
      },
      "dependencies": {
        "debug": {
          "version": "3.1.0",
          "resolved": "http://prdmvnrepo.vanguard.com:19080/nexus/content/groups/vanguard-npm-group/debug/-/debug-3.1.0.tgz",
          "integrity": "sha1-W7WgZyYotkFJVmuhaBnmFRjGcmE=",
          "requires": {
            "ms": "2.0.0"
          }
        }
      }
    },
    "socket.io-adapter": {
      "version": "1.1.1",
      "resolved": "http://prdmvnrepo.vanguard.com:19080/nexus/content/groups/vanguard-npm-group/socket.io-adapter/-/socket.io-adapter-1.1.1.tgz",
      "integrity": "sha1-KoBeihTWNyEk3ZFZrUUC+MsH8Gs="
    },
    "socket.io-client": {
      "version": "2.1.1",
      "resolved": "http://prdmvnrepo.vanguard.com:19080/nexus/content/groups/vanguard-npm-group/socket.io-client/-/socket.io-client-2.1.1.tgz",
      "integrity": "sha512-MM1Izo+iWbDM3f4V/78aXb2So7meMflAgaNW9JkFzTOkZnvuJLKbYeYg3qMgl6oUFkqyq5HMTr7Yr931iAJO7A==",
      "requires": {
        "backo2": "1.0.2",
        "base64-arraybuffer": "0.1.5",
        "component-bind": "1.0.0",
        "component-emitter": "1.2.1",
        "debug": "~3.1.0",
        "engine.io-client": "~3.2.0",
        "has-binary2": "~1.0.2",
        "has-cors": "1.1.0",
        "indexof": "0.0.1",
        "object-component": "0.0.3",
        "parseqs": "0.0.5",
        "parseuri": "0.0.5",
        "socket.io-parser": "~3.2.0",
        "to-array": "0.1.4"
      },
      "dependencies": {
        "debug": {
          "version": "3.1.0",
          "resolved": "http://prdmvnrepo.vanguard.com:19080/nexus/content/groups/vanguard-npm-group/debug/-/debug-3.1.0.tgz",
          "integrity": "sha1-W7WgZyYotkFJVmuhaBnmFRjGcmE=",
          "requires": {
            "ms": "2.0.0"
          }
        }
      }
    },
    "socket.io-parser": {
      "version": "3.2.0",
      "resolved": "http://prdmvnrepo.vanguard.com:19080/nexus/content/groups/vanguard-npm-group/socket.io-parser/-/socket.io-parser-3.2.0.tgz",
      "integrity": "sha512-6G7w+LgwaFaBrzkAHcl5p6J2k/4kG8akho44RtEcgQrQeOSRxn6Cu8PZEj64QsqpzSBGxv02BLsUEvVDYFrZIQ==",
      "requires": {
        "component-emitter": "1.2.1",
        "debug": "~3.1.0",
        "isarray": "2.0.1"
      },
      "dependencies": {
        "debug": {
          "version": "3.1.0",
          "resolved": "http://prdmvnrepo.vanguard.com:19080/nexus/content/groups/vanguard-npm-group/debug/-/debug-3.1.0.tgz",
          "integrity": "sha1-W7WgZyYotkFJVmuhaBnmFRjGcmE=",
          "requires": {
            "ms": "2.0.0"
          }
        }
      }
    },
    "source-map": {
      "version": "0.5.6",
      "resolved": "http://prdmvnrepo.vanguard.com:19080/nexus/content/groups/vanguard-npm-group/source-map/-/source-map-0.5.6.tgz",
      "integrity": "sha1-dc449SvwczxafwwRjYEzSiu19BI=",
      "dev": true
    },
    "stack-chain": {
      "version": "2.0.0",
      "resolved": "http://prdmvnrepo.vanguard.com:19080/nexus/content/groups/vanguard-npm-group/stack-chain/-/stack-chain-2.0.0.tgz",
      "integrity": "sha1-1z0Rcq+JVl8HQ4tbzAhoMbZomy0=",
      "dev": true
    },
    "stack-generator": {
      "version": "2.0.2",
      "resolved": "http://prdmvnrepo.vanguard.com:19080/nexus/content/groups/vanguard-npm-group/stack-generator/-/stack-generator-2.0.2.tgz",
      "integrity": "sha1-PBPZUqWWq5MY/sBmnQod+Lhxdsc=",
      "dev": true,
      "requires": {
        "stackframe": "^1.0.4"
      }
    },
    "stackframe": {
      "version": "1.0.4",
      "resolved": "http://prdmvnrepo.vanguard.com:19080/nexus/content/groups/vanguard-npm-group/stackframe/-/stackframe-1.0.4.tgz",
      "integrity": "sha1-NXskqZL5Qny6a1RdlqFO0svKGHs=",
      "dev": true
    },
    "stacktrace-gps": {
      "version": "3.0.2",
      "resolved": "http://prdmvnrepo.vanguard.com:19080/nexus/content/groups/vanguard-npm-group/stacktrace-gps/-/stacktrace-gps-3.0.2.tgz",
      "integrity": "sha1-M/i6pEZzI6sr0YFu+ieZQrpDHMw=",
      "dev": true,
      "requires": {
        "source-map": "0.5.6",
        "stackframe": "^1.0.4"
      }
    },
    "stacktrace-js": {
      "version": "2.0.0",
      "resolved": "http://prdmvnrepo.vanguard.com:19080/nexus/content/groups/vanguard-npm-group/stacktrace-js/-/stacktrace-js-2.0.0.tgz",
      "integrity": "sha1-d2ymRqlbxsayuQd2U2p/xyxt21g=",
      "dev": true,
      "requires": {
        "error-stack-parser": "^2.0.1",
        "stack-generator": "^2.0.1",
        "stacktrace-gps": "^3.0.1"
      }
    },
    "statuses": {
      "version": "1.4.0",
      "resolved": "http://prdmvnrepo.vanguard.com:19080/nexus/content/groups/vanguard-npm-group/statuses/-/statuses-1.4.0.tgz",
      "integrity": "sha1-u3PURtonlhBu/MG2AaJT1sRr0Ic="
    },
    "string-argv": {
      "version": "0.0.2",
      "resolved": "http://prdmvnrepo.vanguard.com:19080/nexus/content/groups/vanguard-npm-group/string-argv/-/string-argv-0.0.2.tgz",
      "integrity": "sha1-2sMECGkMIfPDYwo/86BYd73L1zY=",
      "dev": true
    },
    "thenify": {
      "version": "3.3.0",
      "resolved": "http://prdmvnrepo.vanguard.com:19080/nexus/content/groups/vanguard-npm-group/thenify/-/thenify-3.3.0.tgz",
      "integrity": "sha1-5p44obq+lpsBCCB5eLn2K4hgSDk=",
      "dev": true,
      "requires": {
        "any-promise": "^1.0.0"
      }
    },
    "thenify-all": {
      "version": "1.6.0",
      "resolved": "http://prdmvnrepo.vanguard.com:19080/nexus/content/groups/vanguard-npm-group/thenify-all/-/thenify-all-1.6.0.tgz",
      "integrity": "sha1-GhkY1ALY/D+Y+/I02wvMjMEOlyY=",
      "dev": true,
      "requires": {
        "thenify": ">= 3.1.0 < 4"
      }
    },
    "title-case": {
      "version": "2.1.1",
      "resolved": "http://prdmvnrepo.vanguard.com:19080/nexus/content/groups/vanguard-npm-group/title-case/-/title-case-2.1.1.tgz",
      "integrity": "sha1-PhJyFtpY0rxb7PE3q5Ha46fNj6o=",
      "dev": true,
      "requires": {
        "no-case": "^2.2.0",
        "upper-case": "^1.0.3"
      }
    },
    "to-array": {
      "version": "0.1.4",
      "resolved": "http://prdmvnrepo.vanguard.com:19080/nexus/content/groups/vanguard-npm-group/to-array/-/to-array-0.1.4.tgz",
      "integrity": "sha1-F+bBH3PdTz10zaek/zI46a2b+JA="
    },
    "type-is": {
      "version": "1.6.16",
      "resolved": "http://prdmvnrepo.vanguard.com:19080/nexus/content/groups/vanguard-npm-group/type-is/-/type-is-1.6.16.tgz",
      "integrity": "sha1-+JzjQVQcZysl7nrjxz3uOyvlAZQ=",
      "requires": {
        "media-typer": "0.3.0",
        "mime-types": "~2.1.18"
      }
    },
    "ultron": {
      "version": "1.1.1",
      "resolved": "http://prdmvnrepo.vanguard.com:19080/nexus/content/groups/vanguard-npm-group/ultron/-/ultron-1.1.1.tgz",
      "integrity": "sha1-n+FTahCmZKZSZqHjzPhf02MCvJw="
    },
    "unpipe": {
      "version": "1.0.0",
      "resolved": "http://prdmvnrepo.vanguard.com:19080/nexus/content/groups/vanguard-npm-group/unpipe/-/unpipe-1.0.0.tgz",
      "integrity": "sha1-sr9O6FFKrmFltIF4KdIbLvSZBOw="
    },
    "upper-case": {
      "version": "1.1.3",
      "resolved": "http://prdmvnrepo.vanguard.com:19080/nexus/content/groups/vanguard-npm-group/upper-case/-/upper-case-1.1.3.tgz",
      "integrity": "sha1-9rRQHC7EzdJrp4vnIilh3ndiFZg=",
      "dev": true
    },
    "util-arity": {
      "version": "1.1.0",
      "resolved": "http://prdmvnrepo.vanguard.com:19080/nexus/content/groups/vanguard-npm-group/util-arity/-/util-arity-1.1.0.tgz",
      "integrity": "sha1-WdAa8f2z/t4KxOYysKtfbOl8kzA=",
      "dev": true
    },
    "utils-merge": {
      "version": "1.0.1",
      "resolved": "http://prdmvnrepo.vanguard.com:19080/nexus/content/groups/vanguard-npm-group/utils-merge/-/utils-merge-1.0.1.tgz",
      "integrity": "sha1-n5VxD1CiZ5R7LMwSR0HBAoQn5xM="
    },
    "vary": {
      "version": "1.1.2",
      "resolved": "http://prdmvnrepo.vanguard.com:19080/nexus/content/groups/vanguard-npm-group/vary/-/vary-1.1.2.tgz",
      "integrity": "sha1-IpnwLG3tMNSllhsLn3RSShj2NPw="
    },
    "verror": {
      "version": "1.10.0",
      "resolved": "http://prdmvnrepo.vanguard.com:19080/nexus/content/groups/vanguard-npm-group/verror/-/verror-1.10.0.tgz",
      "integrity": "sha1-OhBcoXBTr1XW4nDB+CiGguGNpAA=",
      "dev": true,
      "requires": {
        "assert-plus": "^1.0.0",
        "core-util-is": "1.0.2",
        "extsprintf": "^1.2.0"
      }
    },
    "wrappy": {
      "version": "1.0.2",
      "resolved": "http://prdmvnrepo.vanguard.com:19080/nexus/content/groups/vanguard-npm-group/wrappy/-/wrappy-1.0.2.tgz",
      "integrity": "sha1-tSQ9jz7BqjXxNkYFvA0QNuMKtp8=",
      "dev": true
    },
    "ws": {
      "version": "3.3.3",
      "resolved": "http://prdmvnrepo.vanguard.com:19080/nexus/content/groups/vanguard-npm-group/ws/-/ws-3.3.3.tgz",
      "integrity": "sha1-8c+E/i1ekB686U767OeF8YeiKPI=",
      "requires": {
        "async-limiter": "~1.0.0",
        "safe-buffer": "~5.1.0",
        "ultron": "~1.1.0"
      }
    },
    "xmlhttprequest-ssl": {
      "version": "1.5.5",
      "resolved": "http://prdmvnrepo.vanguard.com:19080/nexus/content/groups/vanguard-npm-group/xmlhttprequest-ssl/-/xmlhttprequest-ssl-1.5.5.tgz",
      "integrity": "sha1-wodrBhaKrcQOV9l+gRkayPQ5iz4="
    },
    "yeast": {
      "version": "0.1.2",
      "resolved": "http://prdmvnrepo.vanguard.com:19080/nexus/content/groups/vanguard-npm-group/yeast/-/yeast-0.1.2.tgz",
      "integrity": "sha1-AI4G2AlDIMNy28L47XagymyKxBk="
    }
  }
}
